
Microsoft Visual Studio Solution File, Format Version 12.00
# Visual Studio 15
VisualStudioVersion = 15.0.28010.2048
MinimumVisualStudioVersion = 10.0.40219.1
Project("{FAE04EC0-301F-11D3-BF4B-00C04F79EFBC}") = "MVCSampleProject", "MVCSampleProject\MVCSampleProject.csproj", "{324379A2-3EB3-4464-896D-B50352629821}"
EndProject
Project("{2150E333-8FDC-42A3-9474-1A3956D46DE8}") = "Documents", "Documents", "{F7977BCA-3405-4DA5-8E86-079E7F4E23E2}"
	ProjectSection(SolutionItems) = preProject
		Documents\GitHubのプロジェクト管理機能について.pdf = Documents\GitHubのプロジェクト管理機能について.pdf
	EndProjectSection
EndProject
Global
	GlobalSection(SolutionConfigurationPlatforms) = preSolution
		Debug|Any CPU = Debug|Any CPU
		Release|Any CPU = Release|Any CPU
	EndGlobalSection
	GlobalSection(ProjectConfigurationPlatforms) = postSolution
		{324379A2-3EB3-4464-896D-B50352629821}.Debug|Any CPU.ActiveCfg = Debug|Any CPU
		{324379A2-3EB3-4464-896D-B50352629821}.Debug|Any CPU.Build.0 = Debug|Any CPU
		{324379A2-3EB3-4464-896D-B50352629821}.Release|Any CPU.ActiveCfg = Release|Any CPU
		{324379A2-3EB3-4464-896D-B50352629821}.Release|Any CPU.Build.0 = Release|Any CPU
	EndGlobalSection
	GlobalSection(SolutionProperties) = preSolution
		HideSolutionNode = FALSE
	EndGlobalSection
	GlobalSection(ExtensibilityGlobals) = postSolution
		SolutionGuid = {B9D3C5C6-6730-4031-A9E9-E91E604D4116}
	EndGlobalSection
EndGlobal
